{
  "name": "@zelara/packages",
  "lockfileVersion": 3,
  "requires": true,
  "packages": {
    "": {
      "name": "@zelara/packages",
      "workspaces": [
        "shared",
        "skill-tree",
        "state",
        "device-linking",
        "finance"
      ],
      "devDependencies": {
        "typescript": "~5.8.3"
      }
    },
    "device-linking": {
      "name": "@zelara/device-linking",
      "version": "0.1.0",
      "license": "MIT",
      "dependencies": {
        "@zelara/shared": "file:../shared"
      },
      "devDependencies": {}
    },
    "finance": {
      "name": "@zelara/finance",
      "version": "0.1.0",
      "license": "MIT",
      "devDependencies": {
        "typescript": "~5.8.3"
      }
    },
    "node_modules/@zelara/device-linking": {
      "resolved": "device-linking",
      "link": true
    },
    "node_modules/@zelara/finance": {
      "resolved": "finance",
      "link": true
    },
    "node_modules/@zelara/shared": {
      "resolved": "shared",
      "link": true
    },
    "node_modules/@zelara/skill-tree": {
      "resolved": "skill-tree",
      "link": true
    },
    "node_modules/@zelara/state": {
      "resolved": "state",
      "link": true
    },
    "node_modules/typescript": {
      "version": "5.8.3",
      "resolved": "https://registry.npmjs.org/typescript/-/typescript-5.8.3.tgz",
      "integrity": "sha512-p1diW6TqL9L07nNxvRMM7hMMw4c5XOo/1ibL4aAIGmSAt9slTE1Xgw5KWuof2uTOvCg9BY7ZRi+GaF+7sfgPeQ==",
      "dev": true,
      "license": "Apache-2.0",
      "bin": {
        "tsc": "bin/tsc",
        "tsserver": "bin/tsserver"
      },
      "engines": {
        "node": ">=14.17"
      }
    },
    "shared": {
      "name": "@zelara/shared",
      "version": "0.1.0",
      "license": "MIT",
      "devDependencies": {}
    },
    "skill-tree": {
      "name": "@zelara/skill-tree",
      "version": "0.1.0",
      "license": "MIT",
      "dependencies": {
        "@zelara/shared": "file:../shared"
      },
      "devDependencies": {}
    },
    "state": {
      "name": "@zelara/state",
      "version": "0.1.0",
      "license": "MIT",
      "dependencies": {
        "@zelara/shared": "file:../shared"
      },
      "devDependencies": {
        "@types/node": "^20.0.0"
      }
    },
    "state/node_modules/@types/node": {
      "version": "20.19.33",
      "dev": true,
      "license": "MIT",
      "dependencies": {
        "undici-types": "~6.21.0"
      }
    },
    "state/node_modules/undici-types": {
      "version": "6.21.0",
      "dev": true,
      "license": "MIT"
    }
  }
}
